{
  "version": 4,
  "terraform_version": "1.11.3",
  "serial": 49,
  "lineage": "8dafe129-7613-c1b3-ad44-be246fec71e3",
  "outputs": {
    "ssh_key_retrieval_command": {
      "value": "aws secretsmanager get-secret-value --secret-id ec2-bastion-key-pair.pem --query SecretString --output text \u003e ~/.ssh/ec2-bastion-key-pair.pem \u0026\u0026 chmod 400 ~/.ssh/ec2-bastion-key-pair.pem",
      "type": "string"
    }
  },
  "resources": [
    {
      "mode": "managed",
      "type": "aws_eip",
      "name": "nat",
      "provider": "provider[\"registry.terraform.io/hashicorp/aws\"]",
      "instances": [
        {
          "schema_version": 0,
          "attributes": {
            "address": null,
            "allocation_id": "eipalloc-0ec52e92eb6d68310",
            "arn": "arn:aws:ec2:eu-west-2:891377361231:elastic-ip/eipalloc-0ec52e92eb6d68310",
            "associate_with_private_ip": null,
            "association_id": "eipassoc-04983d26c4da81a6c",
            "carrier_ip": "",
            "customer_owned_ip": "",
            "customer_owned_ipv4_pool": "",
            "domain": "vpc",
            "id": "eipalloc-0ec52e92eb6d68310",
            "instance": "",
            "ipam_pool_id": null,
            "network_border_group": "eu-west-2",
            "network_interface": "eni-0e63654e45d896cef",
            "private_dns": "ip-10-0-0-217.eu-west-2.compute.internal",
            "private_ip": "10.0.0.217",
            "ptr_record": "",
            "public_dns": "ec2-13-41-51-194.eu-west-2.compute.amazonaws.com",
            "public_ip": "13.41.51.194",
            "public_ipv4_pool": "amazon",
            "tags": {},
            "tags_all": {},
            "timeouts": null,
            "vpc": true
          },
          "sensitive_attributes": [],
          "private": "eyJlMmJmYjczMC1lY2FhLTExZTYtOGY4OC0zNDM2M2JjN2M0YzAiOnsiZGVsZXRlIjoxODAwMDAwMDAwMDAsInJlYWQiOjkwMDAwMDAwMDAwMCwidXBkYXRlIjozMDAwMDAwMDAwMDB9fQ==",
          "dependencies": [
            "aws_internet_gateway.i-one-test",
            "aws_vpc.main"
          ]
        }
      ]
    },
    {
      "mode": "managed",
      "type": "aws_iam_instance_profile",
      "name": "ssm_profile",
      "provider": "provider[\"registry.terraform.io/hashicorp/aws\"]",
      "instances": [
        {
          "schema_version": 0,
          "attributes": {
            "arn": "arn:aws:iam::891377361231:instance-profile/ssm-instance-profile",
            "create_date": "2025-04-22T18:50:24Z",
            "id": "ssm-instance-profile",
            "name": "ssm-instance-profile",
            "name_prefix": "",
            "path": "/",
            "role": "ssm-instance-role",
            "tags": null,
            "tags_all": {},
            "unique_id": "AIPA47CR3EFHVSEWEYPQ7"
          },
          "sensitive_attributes": [],
          "private": "bnVsbA==",
          "dependencies": [
            "aws_iam_role.ssm_role"
          ]
        }
      ]
    },
    {
      "mode": "managed",
      "type": "aws_iam_policy",
      "name": "ssh_key_access",
      "provider": "provider[\"registry.terraform.io/hashicorp/aws\"]",
      "instances": [
        {
          "schema_version": 0,
          "attributes": {
            "arn": "arn:aws:iam::891377361231:policy/SSHKeyAccessPolicy",
            "attachment_count": 1,
            "description": "Policy to allow access to the SSH key in Secrets Manager",
            "id": "arn:aws:iam::891377361231:policy/SSHKeyAccessPolicy",
            "name": "SSHKeyAccessPolicy",
            "name_prefix": "",
            "path": "/",
            "policy": "{\"Statement\":[{\"Action\":[\"secretsmanager:GetSecretValue\",\"secretsmanager:DescribeSecret\"],\"Effect\":\"Allow\",\"Resource\":\"arn:aws:secretsmanager:eu-west-2:891377361231:secret/ec2-bastion-key-pair.pem*\",\"Sid\":\"AllowSecretAccess\"}],\"Version\":\"2012-10-17\"}",
            "policy_id": "ANPA47CR3EFHT5DIKYLQL",
            "tags": {},
            "tags_all": {}
          },
          "sensitive_attributes": [],
          "private": "bnVsbA=="
        }
      ]
    },
    {
      "mode": "managed",
      "type": "aws_iam_policy_attachment",
      "name": "attach_policy_to_user",
      "provider": "provider[\"registry.terraform.io/hashicorp/aws\"]",
      "instances": [
        {
          "schema_version": 0,
          "attributes": {
            "groups": [],
            "id": "AttachSSHKeyPolicy",
            "name": "AttachSSHKeyPolicy",
            "policy_arn": "arn:aws:iam::891377361231:policy/SSHKeyAccessPolicy",
            "roles": [],
            "users": [
              "team-member"
            ]
          },
          "sensitive_attributes": [],
          "private": "bnVsbA==",
          "dependencies": [
            "aws_iam_policy.ssh_key_access",
            "aws_iam_user.team_member"
          ]
        }
      ]
    },
    {
      "mode": "managed",
      "type": "aws_iam_role",
      "name": "ssm_role",
      "provider": "provider[\"registry.terraform.io/hashicorp/aws\"]",
      "instances": [
        {
          "schema_version": 0,
          "attributes": {
            "arn": "arn:aws:iam::891377361231:role/ssm-instance-role",
            "assume_role_policy": "{\"Statement\":[{\"Action\":\"sts:AssumeRole\",\"Effect\":\"Allow\",\"Principal\":{\"Service\":\"ec2.amazonaws.com\"}}],\"Version\":\"2012-10-17\"}",
            "create_date": "2025-04-22T18:50:23Z",
            "description": "",
            "force_detach_policies": false,
            "id": "ssm-instance-role",
            "inline_policy": [],
            "managed_policy_arns": [],
            "max_session_duration": 3600,
            "name": "ssm-instance-role",
            "name_prefix": "",
            "path": "/",
            "permissions_boundary": "",
            "tags": null,
            "tags_all": {},
            "unique_id": "AROA47CR3EFH2F4B43E2H"
          },
          "sensitive_attributes": [],
          "private": "bnVsbA=="
        }
      ]
    },
    {
      "mode": "managed",
      "type": "aws_iam_role_policy_attachment",
      "name": "ssm_policy",
      "provider": "provider[\"registry.terraform.io/hashicorp/aws\"]",
      "instances": [
        {
          "schema_version": 0,
          "attributes": {
            "id": "ssm-instance-role-20250422185023292300000002",
            "policy_arn": "arn:aws:iam::aws:policy/AmazonSSMManagedInstanceCore",
            "role": "ssm-instance-role"
          },
          "sensitive_attributes": [],
          "private": "bnVsbA==",
          "dependencies": [
            "aws_iam_role.ssm_role"
          ]
        }
      ]
    },
    {
      "mode": "managed",
      "type": "aws_iam_user",
      "name": "team_member",
      "provider": "provider[\"registry.terraform.io/hashicorp/aws\"]",
      "instances": [
        {
          "schema_version": 0,
          "attributes": {
            "arn": "arn:aws:iam::891377361231:user/team-member",
            "force_destroy": false,
            "id": "team-member",
            "name": "team-member",
            "path": "/",
            "permissions_boundary": "",
            "tags": {},
            "tags_all": {},
            "unique_id": "AIDA47CR3EFHU5OYOLIJY"
          },
          "sensitive_attributes": [],
          "private": "bnVsbA=="
        }
      ]
    },
    {
      "mode": "managed",
      "type": "aws_internet_gateway",
      "name": "i-one-test",
      "provider": "provider[\"registry.terraform.io/hashicorp/aws\"]",
      "instances": [
        {
          "schema_version": 0,
          "attributes": {
            "arn": "arn:aws:ec2:eu-west-2:891377361231:internet-gateway/igw-056b80d0c1e962809",
            "id": "igw-056b80d0c1e962809",
            "owner_id": "891377361231",
            "tags": {
              "Env": "i-One-test"
            },
            "tags_all": {
              "Env": "i-One-test"
            },
            "timeouts": null,
            "vpc_id": "vpc-0b52524363236e2a8"
          },
          "sensitive_attributes": [],
          "private": "eyJlMmJmYjczMC1lY2FhLTExZTYtOGY4OC0zNDM2M2JjN2M0YzAiOnsiY3JlYXRlIjoxMjAwMDAwMDAwMDAwLCJkZWxldGUiOjEyMDAwMDAwMDAwMDAsInVwZGF0ZSI6MTIwMDAwMDAwMDAwMH19",
          "dependencies": [
            "aws_vpc.main"
          ]
        }
      ]
    },
    {
      "mode": "managed",
      "type": "aws_key_pair",
      "name": "ec2-bastion-host-key",
      "provider": "provider[\"registry.terraform.io/hashicorp/aws\"]",
      "instances": [
        {
          "schema_version": 1,
          "attributes": {
            "arn": "arn:aws:ec2:eu-west-2:891377361231:key-pair/ec2-bastion-key-pair",
            "fingerprint": "ef:2a:63:0e:78:dc:c1:bd:37:4d:c0:14:d2:9c:99:15",
            "id": "ec2-bastion-key-pair",
            "key_name": "ec2-bastion-key-pair",
            "key_name_prefix": "",
            "key_pair_id": "key-0101a7aaaa0481d4f",
            "key_type": "rsa",
            "public_key": "ssh-rsa AAAAB3NzaC1yc2EAAAADAQABAAACAQDZz41hWeIbmhG2BHPPuAvuDyKCn5PZbXAYfuH1sTFDK83rQ4JG0KaygB0KJTiKI6BAySbShF3LwGc06aAsQLf45BLeRr3xgOvnR51MEv2E040sQ5PNcbqHNaWOYlffPYFjFoXjajkSVCv26bXlc6seRDDaBI6Ezz84WXbtzkpoxeXz5Ot2zp5DQKxT6LI59eNmqC5XqLlRSRx5RUPhD2JOZTdGkpGpAeK/EfEw3NM8iZhKPAeJm+zJ3JgEZLk8F6srQfILmbIxEjlVYj5uV7RRVLq5HIfKfl6gA0u0yIS92gZZeTY5nqmaVZWotvirAvawm+GY5TQf7Q5FRfK8fUgg8F6IP+A09Tw78Bh8XbLg6Cw0ooMhqJrdfKszdHhPQTSwS8xvq5AUp956pFHJ4879uVIQzyQTqpfmJl+FXjPaFYzBK3ItZ3ukbhzZ6kg52If50WOTzRo3DCHP6j6hPadlVViMkLASB3IY50jCwdGL9aga7GXh/hZ6IaaaGosP0B2VGiK469gWGVeFmpma3WqJ6F2k1m2mVioa2jKFSlwBJ73idBCprpE5BUL8eR9LBjNyJIFhod2guO/gdLZsEiHE7+cuS9JPOgxubrab2VRHJQA+iRwQ6EMg5F3Tg4OUlDjWntVefhdF93fSO8C7uscUx2B4olWZj97Buo89oOrgFQ==",
            "tags": {},
            "tags_all": {}
          },
          "sensitive_attributes": [],
          "private": "eyJzY2hlbWFfdmVyc2lvbiI6IjEifQ==",
          "dependencies": [
            "local_file.ec2-bastion-host-public-key",
            "tls_private_key.ec2-bastion-host-key-pair"
          ]
        }
      ]
    },
    {
      "mode": "managed",
      "type": "aws_nat_gateway",
      "name": "nat",
      "provider": "provider[\"registry.terraform.io/hashicorp/aws\"]",
      "instances": [
        {
          "schema_version": 0,
          "attributes": {
            "allocation_id": "eipalloc-0ec52e92eb6d68310",
            "association_id": "eipassoc-04983d26c4da81a6c",
            "connectivity_type": "public",
            "id": "nat-06d804982b1052333",
            "network_interface_id": "eni-0e63654e45d896cef",
            "private_ip": "10.0.0.217",
            "public_ip": "13.41.51.194",
            "secondary_allocation_ids": [],
            "secondary_private_ip_address_count": 0,
            "secondary_private_ip_addresses": [],
            "subnet_id": "subnet-036067dbc9e0cc1af",
            "tags": {},
            "tags_all": {},
            "timeouts": null
          },
          "sensitive_attributes": [],
          "private": "eyJlMmJmYjczMC1lY2FhLTExZTYtOGY4OC0zNDM2M2JjN2M0YzAiOnsiY3JlYXRlIjo2MDAwMDAwMDAwMDAsImRlbGV0ZSI6MTgwMDAwMDAwMDAwMCwidXBkYXRlIjo2MDAwMDAwMDAwMDB9fQ==",
          "dependencies": [
            "aws_eip.nat",
            "aws_internet_gateway.i-one-test",
            "aws_subnet.i-one-test-public-zone-a",
            "aws_vpc.main"
          ]
        }
      ]
    },
    {
      "mode": "managed",
      "type": "aws_network_acl",
      "name": "i-one_vpc_nacl",
      "provider": "provider[\"registry.terraform.io/hashicorp/aws\"]",
      "instances": [
        {
          "schema_version": 0,
          "attributes": {
            "arn": "arn:aws:ec2:eu-west-2:891377361231:network-acl/acl-08b4dadf7d50fb5eb",
            "egress": [],
            "id": "acl-08b4dadf7d50fb5eb",
            "ingress": [],
            "owner_id": "891377361231",
            "subnet_ids": [],
            "tags": {},
            "tags_all": {},
            "vpc_id": "vpc-0b52524363236e2a8"
          },
          "sensitive_attributes": [],
          "private": "bnVsbA==",
          "dependencies": [
            "aws_vpc.main"
          ]
        }
      ]
    },
    {
      "mode": "managed",
      "type": "aws_route",
      "name": "i-one-test_private_route",
      "provider": "provider[\"registry.terraform.io/hashicorp/aws\"]",
      "instances": [
        {
          "schema_version": 0,
          "attributes": {
            "carrier_gateway_id": "",
            "core_network_arn": "",
            "destination_cidr_block": "0.0.0.0/0",
            "destination_ipv6_cidr_block": "",
            "destination_prefix_list_id": "",
            "egress_only_gateway_id": "",
            "gateway_id": "",
            "id": "r-rtb-00fa12942c8d12aa01080289494",
            "instance_id": "",
            "instance_owner_id": "",
            "local_gateway_id": "",
            "nat_gateway_id": "nat-06d804982b1052333",
            "network_interface_id": "",
            "origin": "CreateRoute",
            "route_table_id": "rtb-00fa12942c8d12aa0",
            "state": "active",
            "timeouts": null,
            "transit_gateway_id": "",
            "vpc_endpoint_id": "",
            "vpc_peering_connection_id": ""
          },
          "sensitive_attributes": [],
          "private": "eyJlMmJmYjczMC1lY2FhLTExZTYtOGY4OC0zNDM2M2JjN2M0YzAiOnsiY3JlYXRlIjozMDAwMDAwMDAwMDAsImRlbGV0ZSI6MzAwMDAwMDAwMDAwLCJ1cGRhdGUiOjEyMDAwMDAwMDAwMH19",
          "dependencies": [
            "aws_eip.nat",
            "aws_internet_gateway.i-one-test",
            "aws_nat_gateway.nat",
            "aws_route_table.i-one-test_private",
            "aws_subnet.i-one-test-public-zone-a",
            "aws_vpc.main"
          ]
        }
      ]
    },
    {
      "mode": "managed",
      "type": "aws_route",
      "name": "i-one-test_public_route",
      "provider": "provider[\"registry.terraform.io/hashicorp/aws\"]",
      "instances": [
        {
          "schema_version": 0,
          "attributes": {
            "carrier_gateway_id": "",
            "core_network_arn": "",
            "destination_cidr_block": "0.0.0.0/0",
            "destination_ipv6_cidr_block": "",
            "destination_prefix_list_id": "",
            "egress_only_gateway_id": "",
            "gateway_id": "igw-056b80d0c1e962809",
            "id": "r-rtb-0269be65e04f619961080289494",
            "instance_id": "",
            "instance_owner_id": "",
            "local_gateway_id": "",
            "nat_gateway_id": "",
            "network_interface_id": "",
            "origin": "CreateRoute",
            "route_table_id": "rtb-0269be65e04f61996",
            "state": "active",
            "timeouts": null,
            "transit_gateway_id": "",
            "vpc_endpoint_id": "",
            "vpc_peering_connection_id": ""
          },
          "sensitive_attributes": [],
          "private": "eyJlMmJmYjczMC1lY2FhLTExZTYtOGY4OC0zNDM2M2JjN2M0YzAiOnsiY3JlYXRlIjozMDAwMDAwMDAwMDAsImRlbGV0ZSI6MzAwMDAwMDAwMDAwLCJ1cGRhdGUiOjEyMDAwMDAwMDAwMH19",
          "dependencies": [
            "aws_internet_gateway.i-one-test",
            "aws_route_table.i-one-test_public",
            "aws_vpc.main"
          ]
        }
      ]
    },
    {
      "mode": "managed",
      "type": "aws_route_table",
      "name": "i-one-test_private",
      "provider": "provider[\"registry.terraform.io/hashicorp/aws\"]",
      "instances": [
        {
          "schema_version": 0,
          "attributes": {
            "arn": "arn:aws:ec2:eu-west-2:891377361231:route-table/rtb-00fa12942c8d12aa0",
            "id": "rtb-00fa12942c8d12aa0",
            "owner_id": "891377361231",
            "propagating_vgws": [],
            "route": [
              {
                "carrier_gateway_id": "",
                "cidr_block": "0.0.0.0/0",
                "core_network_arn": "",
                "destination_prefix_list_id": "",
                "egress_only_gateway_id": "",
                "gateway_id": "",
                "ipv6_cidr_block": "",
                "local_gateway_id": "",
                "nat_gateway_id": "nat-06d804982b1052333",
                "network_interface_id": "",
                "transit_gateway_id": "",
                "vpc_endpoint_id": "",
                "vpc_peering_connection_id": ""
              }
            ],
            "tags": {},
            "tags_all": {},
            "timeouts": null,
            "vpc_id": "vpc-0b52524363236e2a8"
          },
          "sensitive_attributes": [],
          "private": "eyJlMmJmYjczMC1lY2FhLTExZTYtOGY4OC0zNDM2M2JjN2M0YzAiOnsiY3JlYXRlIjozMDAwMDAwMDAwMDAsImRlbGV0ZSI6MzAwMDAwMDAwMDAwLCJ1cGRhdGUiOjEyMDAwMDAwMDAwMH19",
          "dependencies": [
            "aws_vpc.main"
          ]
        }
      ]
    },
    {
      "mode": "managed",
      "type": "aws_route_table",
      "name": "i-one-test_public",
      "provider": "provider[\"registry.terraform.io/hashicorp/aws\"]",
      "instances": [
        {
          "schema_version": 0,
          "attributes": {
            "arn": "arn:aws:ec2:eu-west-2:891377361231:route-table/rtb-0269be65e04f61996",
            "id": "rtb-0269be65e04f61996",
            "owner_id": "891377361231",
            "propagating_vgws": [],
            "route": [
              {
                "carrier_gateway_id": "",
                "cidr_block": "0.0.0.0/0",
                "core_network_arn": "",
                "destination_prefix_list_id": "",
                "egress_only_gateway_id": "",
                "gateway_id": "igw-056b80d0c1e962809",
                "ipv6_cidr_block": "",
                "local_gateway_id": "",
                "nat_gateway_id": "",
                "network_interface_id": "",
                "transit_gateway_id": "",
                "vpc_endpoint_id": "",
                "vpc_peering_connection_id": ""
              }
            ],
            "tags": {
              "Name": "public-route-table"
            },
            "tags_all": {
              "Name": "public-route-table"
            },
            "timeouts": null,
            "vpc_id": "vpc-0b52524363236e2a8"
          },
          "sensitive_attributes": [],
          "private": "eyJlMmJmYjczMC1lY2FhLTExZTYtOGY4OC0zNDM2M2JjN2M0YzAiOnsiY3JlYXRlIjozMDAwMDAwMDAwMDAsImRlbGV0ZSI6MzAwMDAwMDAwMDAwLCJ1cGRhdGUiOjEyMDAwMDAwMDAwMH19",
          "dependencies": [
            "aws_vpc.main"
          ]
        }
      ]
    },
    {
      "mode": "managed",
      "type": "aws_route_table_association",
      "name": "i-one-private-a",
      "provider": "provider[\"registry.terraform.io/hashicorp/aws\"]",
      "instances": [
        {
          "schema_version": 0,
          "attributes": {
            "gateway_id": "",
            "id": "rtbassoc-097e90012ea8f7899",
            "route_table_id": "rtb-00fa12942c8d12aa0",
            "subnet_id": "subnet-0ff3c3b4df6fc2afc",
            "timeouts": null
          },
          "sensitive_attributes": [],
          "private": "eyJlMmJmYjczMC1lY2FhLTExZTYtOGY4OC0zNDM2M2JjN2M0YzAiOnsiY3JlYXRlIjozMDAwMDAwMDAwMDAsImRlbGV0ZSI6MzAwMDAwMDAwMDAwLCJ1cGRhdGUiOjEyMDAwMDAwMDAwMH19",
          "dependencies": [
            "aws_route_table.i-one-test_private",
            "aws_subnet.i-one-test-private-zone-a",
            "aws_vpc.main"
          ]
        }
      ]
    },
    {
      "mode": "managed",
      "type": "aws_route_table_association",
      "name": "i-one-private-b",
      "provider": "provider[\"registry.terraform.io/hashicorp/aws\"]",
      "instances": [
        {
          "schema_version": 0,
          "attributes": {
            "gateway_id": "",
            "id": "rtbassoc-033a40243e7583d5f",
            "route_table_id": "rtb-00fa12942c8d12aa0",
            "subnet_id": "subnet-04ffbccb7fd1dd4d6",
            "timeouts": null
          },
          "sensitive_attributes": [],
          "private": "eyJlMmJmYjczMC1lY2FhLTExZTYtOGY4OC0zNDM2M2JjN2M0YzAiOnsiY3JlYXRlIjozMDAwMDAwMDAwMDAsImRlbGV0ZSI6MzAwMDAwMDAwMDAwLCJ1cGRhdGUiOjEyMDAwMDAwMDAwMH19",
          "dependencies": [
            "aws_route_table.i-one-test_private",
            "aws_subnet.i-one-test-private-zone-b",
            "aws_vpc.main"
          ]
        }
      ]
    },
    {
      "mode": "managed",
      "type": "aws_route_table_association",
      "name": "i-one-public-a",
      "provider": "provider[\"registry.terraform.io/hashicorp/aws\"]",
      "instances": [
        {
          "schema_version": 0,
          "attributes": {
            "gateway_id": "",
            "id": "rtbassoc-0b4b64722820cbcd2",
            "route_table_id": "rtb-0269be65e04f61996",
            "subnet_id": "subnet-036067dbc9e0cc1af",
            "timeouts": null
          },
          "sensitive_attributes": [],
          "private": "eyJlMmJmYjczMC1lY2FhLTExZTYtOGY4OC0zNDM2M2JjN2M0YzAiOnsiY3JlYXRlIjozMDAwMDAwMDAwMDAsImRlbGV0ZSI6MzAwMDAwMDAwMDAwLCJ1cGRhdGUiOjEyMDAwMDAwMDAwMH19",
          "dependencies": [
            "aws_route_table.i-one-test_public",
            "aws_subnet.i-one-test-public-zone-a",
            "aws_vpc.main"
          ]
        }
      ]
    },
    {
      "mode": "managed",
      "type": "aws_route_table_association",
      "name": "i-one-public-b",
      "provider": "provider[\"registry.terraform.io/hashicorp/aws\"]",
      "instances": [
        {
          "schema_version": 0,
          "attributes": {
            "gateway_id": "",
            "id": "rtbassoc-05bd61a0cf9b90d75",
            "route_table_id": "rtb-0269be65e04f61996",
            "subnet_id": "subnet-0b5c7c311c22393c4",
            "timeouts": null
          },
          "sensitive_attributes": [],
          "private": "eyJlMmJmYjczMC1lY2FhLTExZTYtOGY4OC0zNDM2M2JjN2M0YzAiOnsiY3JlYXRlIjozMDAwMDAwMDAwMDAsImRlbGV0ZSI6MzAwMDAwMDAwMDAwLCJ1cGRhdGUiOjEyMDAwMDAwMDAwMH19",
          "dependencies": [
            "aws_route_table.i-one-test_public",
            "aws_subnet.i-one-test-public-zone-b",
            "aws_vpc.main"
          ]
        }
      ]
    },
    {
      "mode": "managed",
      "type": "aws_s3_bucket",
      "name": "i-One-test",
      "provider": "provider[\"registry.terraform.io/hashicorp/aws\"]",
      "instances": [
        {
          "schema_version": 0,
          "attributes": {
            "acceleration_status": "",
            "acl": null,
            "arn": "arn:aws:s3:::i-one-test-v2p81l-bucket",
            "bucket": "i-one-test-v2p81l-bucket",
            "bucket_domain_name": "i-one-test-v2p81l-bucket.s3.amazonaws.com",
            "bucket_prefix": "",
            "bucket_regional_domain_name": "i-one-test-v2p81l-bucket.s3.eu-west-2.amazonaws.com",
            "cors_rule": [],
            "force_destroy": false,
            "grant": [
              {
                "id": "548748ec2ebfea3d5a718e3b68f81c7ff38fd92e53a4125ad2ea775b28419b67",
                "permissions": [
                  "FULL_CONTROL"
                ],
                "type": "CanonicalUser",
                "uri": ""
              }
            ],
            "hosted_zone_id": "Z3GKZC51ZF0DB4",
            "id": "i-one-test-v2p81l-bucket",
            "lifecycle_rule": [],
            "logging": [],
            "object_lock_configuration": [],
            "object_lock_enabled": false,
            "policy": "",
            "region": "eu-west-2",
            "replication_configuration": [],
            "request_payer": "BucketOwner",
            "server_side_encryption_configuration": [
              {
                "rule": [
                  {
                    "apply_server_side_encryption_by_default": [
                      {
                        "kms_master_key_id": "",
                        "sse_algorithm": "AES256"
                      }
                    ],
                    "bucket_key_enabled": false
                  }
                ]
              }
            ],
            "tags": {},
            "tags_all": {},
            "timeouts": null,
            "versioning": [
              {
                "enabled": false,
                "mfa_delete": false
              }
            ],
            "website": [],
            "website_domain": null,
            "website_endpoint": null
          },
          "sensitive_attributes": [],
          "private": "eyJlMmJmYjczMC1lY2FhLTExZTYtOGY4OC0zNDM2M2JjN2M0YzAiOnsiY3JlYXRlIjoxMjAwMDAwMDAwMDAwLCJkZWxldGUiOjM2MDAwMDAwMDAwMDAsInJlYWQiOjEyMDAwMDAwMDAwMDAsInVwZGF0ZSI6MTIwMDAwMDAwMDAwMH19",
          "dependencies": [
            "random_string.random-suffix"
          ]
        }
      ]
    },
    {
      "mode": "managed",
      "type": "aws_security_group",
      "name": "backend_sg",
      "provider": "provider[\"registry.terraform.io/hashicorp/aws\"]",
      "instances": [
        {
          "schema_version": 1,
          "attributes": {
            "arn": "arn:aws:ec2:eu-west-2:891377361231:security-group/sg-0505f3104e1cd974c",
            "description": "Security group for backend instance",
            "egress": [
              {
                "cidr_blocks": [
                  "10.0.0.0/16"
                ],
                "description": "",
                "from_port": 0,
                "ipv6_cidr_blocks": [],
                "prefix_list_ids": [],
                "protocol": "-1",
                "security_groups": [],
                "self": false,
                "to_port": 0
              },
              {
                "cidr_blocks": [],
                "description": "",
                "from_port": 443,
                "ipv6_cidr_blocks": [],
                "prefix_list_ids": [],
                "protocol": "tcp",
                "security_groups": [
                  "sg-05d152108b632f00b"
                ],
                "self": false,
                "to_port": 443
              }
            ],
            "id": "sg-0505f3104e1cd974c",
            "ingress": [
              {
                "cidr_blocks": [
                  "10.0.0.0/16"
                ],
                "description": "",
                "from_port": 8080,
                "ipv6_cidr_blocks": [],
                "prefix_list_ids": [],
                "protocol": "tcp",
                "security_groups": [],
                "self": false,
                "to_port": 8080
              }
            ],
            "name": "backend-sg",
            "name_prefix": "",
            "owner_id": "891377361231",
            "revoke_rules_on_delete": false,
            "tags": {
              "environment": "staging"
            },
            "tags_all": {
              "environment": "staging"
            },
            "timeouts": null,
            "vpc_id": "vpc-0b52524363236e2a8"
          },
          "sensitive_attributes": [],
          "private": "eyJlMmJmYjczMC1lY2FhLTExZTYtOGY4OC0zNDM2M2JjN2M0YzAiOnsiY3JlYXRlIjo2MDAwMDAwMDAwMDAsImRlbGV0ZSI6OTAwMDAwMDAwMDAwfSwic2NoZW1hX3ZlcnNpb24iOiIxIn0=",
          "dependencies": [
            "aws_security_group.vpce_sg",
            "aws_vpc.main"
          ]
        }
      ]
    },
    {
      "mode": "managed",
      "type": "aws_security_group",
      "name": "vpce_sg",
      "provider": "provider[\"registry.terraform.io/hashicorp/aws\"]",
      "instances": [
        {
          "schema_version": 1,
          "attributes": {
            "arn": "arn:aws:ec2:eu-west-2:891377361231:security-group/sg-05d152108b632f00b",
            "description": "Security group for VPC endpoints",
            "egress": [
              {
                "cidr_blocks": [
                  "0.0.0.0/0"
                ],
                "description": "",
                "from_port": 0,
                "ipv6_cidr_blocks": [],
                "prefix_list_ids": [],
                "protocol": "-1",
                "security_groups": [],
                "self": false,
                "to_port": 0
              }
            ],
            "id": "sg-05d152108b632f00b",
            "ingress": [
              {
                "cidr_blocks": [
                  "10.0.0.0/16"
                ],
                "description": "",
                "from_port": 443,
                "ipv6_cidr_blocks": [],
                "prefix_list_ids": [],
                "protocol": "tcp",
                "security_groups": [],
                "self": false,
                "to_port": 443
              }
            ],
            "name": "vpce-sg",
            "name_prefix": "",
            "owner_id": "891377361231",
            "revoke_rules_on_delete": false,
            "tags": {
              "environment": "staging"
            },
            "tags_all": {
              "environment": "staging"
            },
            "timeouts": null,
            "vpc_id": "vpc-0b52524363236e2a8"
          },
          "sensitive_attributes": [],
          "private": "eyJlMmJmYjczMC1lY2FhLTExZTYtOGY4OC0zNDM2M2JjN2M0YzAiOnsiY3JlYXRlIjo2MDAwMDAwMDAwMDAsImRlbGV0ZSI6OTAwMDAwMDAwMDAwfSwic2NoZW1hX3ZlcnNpb24iOiIxIn0=",
          "dependencies": [
            "aws_vpc.main"
          ]
        }
      ]
    },
    {
      "mode": "managed",
      "type": "aws_subnet",
      "name": "i-one-test-private-zone-a",
      "provider": "provider[\"registry.terraform.io/hashicorp/aws\"]",
      "instances": [
        {
          "schema_version": 1,
          "attributes": {
            "arn": "arn:aws:ec2:eu-west-2:891377361231:subnet/subnet-0ff3c3b4df6fc2afc",
            "assign_ipv6_address_on_creation": false,
            "availability_zone": "eu-west-2a",
            "availability_zone_id": "euw2-az2",
            "cidr_block": "10.0.1.0/24",
            "customer_owned_ipv4_pool": "",
            "enable_dns64": false,
            "enable_lni_at_device_index": 0,
            "enable_resource_name_dns_a_record_on_launch": false,
            "enable_resource_name_dns_aaaa_record_on_launch": false,
            "id": "subnet-0ff3c3b4df6fc2afc",
            "ipv6_cidr_block": "",
            "ipv6_cidr_block_association_id": "",
            "ipv6_native": false,
            "map_customer_owned_ip_on_launch": false,
            "map_public_ip_on_launch": false,
            "outpost_arn": "",
            "owner_id": "891377361231",
            "private_dns_hostname_type_on_launch": "ip-name",
            "tags": {
              "Name": "i-one-test-private-sub-a"
            },
            "tags_all": {
              "Name": "i-one-test-private-sub-a"
            },
            "timeouts": null,
            "vpc_id": "vpc-0b52524363236e2a8"
          },
          "sensitive_attributes": [],
          "private": "eyJlMmJmYjczMC1lY2FhLTExZTYtOGY4OC0zNDM2M2JjN2M0YzAiOnsiY3JlYXRlIjo2MDAwMDAwMDAwMDAsImRlbGV0ZSI6MTIwMDAwMDAwMDAwMH0sInNjaGVtYV92ZXJzaW9uIjoiMSJ9",
          "dependencies": [
            "aws_vpc.main"
          ]
        }
      ]
    },
    {
      "mode": "managed",
      "type": "aws_subnet",
      "name": "i-one-test-private-zone-b",
      "provider": "provider[\"registry.terraform.io/hashicorp/aws\"]",
      "instances": [
        {
          "schema_version": 1,
          "attributes": {
            "arn": "arn:aws:ec2:eu-west-2:891377361231:subnet/subnet-04ffbccb7fd1dd4d6",
            "assign_ipv6_address_on_creation": false,
            "availability_zone": "eu-west-2b",
            "availability_zone_id": "euw2-az3",
            "cidr_block": "10.0.3.0/24",
            "customer_owned_ipv4_pool": "",
            "enable_dns64": false,
            "enable_lni_at_device_index": 0,
            "enable_resource_name_dns_a_record_on_launch": false,
            "enable_resource_name_dns_aaaa_record_on_launch": false,
            "id": "subnet-04ffbccb7fd1dd4d6",
            "ipv6_cidr_block": "",
            "ipv6_cidr_block_association_id": "",
            "ipv6_native": false,
            "map_customer_owned_ip_on_launch": false,
            "map_public_ip_on_launch": false,
            "outpost_arn": "",
            "owner_id": "891377361231",
            "private_dns_hostname_type_on_launch": "ip-name",
            "tags": {
              "env": "i-one-test-private-sub-b"
            },
            "tags_all": {
              "env": "i-one-test-private-sub-b"
            },
            "timeouts": null,
            "vpc_id": "vpc-0b52524363236e2a8"
          },
          "sensitive_attributes": [],
          "private": "eyJlMmJmYjczMC1lY2FhLTExZTYtOGY4OC0zNDM2M2JjN2M0YzAiOnsiY3JlYXRlIjo2MDAwMDAwMDAwMDAsImRlbGV0ZSI6MTIwMDAwMDAwMDAwMH0sInNjaGVtYV92ZXJzaW9uIjoiMSJ9",
          "dependencies": [
            "aws_vpc.main"
          ]
        }
      ]
    },
    {
      "mode": "managed",
      "type": "aws_subnet",
      "name": "i-one-test-public-zone-a",
      "provider": "provider[\"registry.terraform.io/hashicorp/aws\"]",
      "instances": [
        {
          "schema_version": 1,
          "attributes": {
            "arn": "arn:aws:ec2:eu-west-2:891377361231:subnet/subnet-036067dbc9e0cc1af",
            "assign_ipv6_address_on_creation": false,
            "availability_zone": "eu-west-2a",
            "availability_zone_id": "euw2-az2",
            "cidr_block": "10.0.0.0/24",
            "customer_owned_ipv4_pool": "",
            "enable_dns64": false,
            "enable_lni_at_device_index": 0,
            "enable_resource_name_dns_a_record_on_launch": false,
            "enable_resource_name_dns_aaaa_record_on_launch": false,
            "id": "subnet-036067dbc9e0cc1af",
            "ipv6_cidr_block": "",
            "ipv6_cidr_block_association_id": "",
            "ipv6_native": false,
            "map_customer_owned_ip_on_launch": false,
            "map_public_ip_on_launch": false,
            "outpost_arn": "",
            "owner_id": "891377361231",
            "private_dns_hostname_type_on_launch": "ip-name",
            "tags": {
              "Name": "i-one-test-public-sub-a"
            },
            "tags_all": {
              "Name": "i-one-test-public-sub-a"
            },
            "timeouts": null,
            "vpc_id": "vpc-0b52524363236e2a8"
          },
          "sensitive_attributes": [],
          "private": "eyJlMmJmYjczMC1lY2FhLTExZTYtOGY4OC0zNDM2M2JjN2M0YzAiOnsiY3JlYXRlIjo2MDAwMDAwMDAwMDAsImRlbGV0ZSI6MTIwMDAwMDAwMDAwMH0sInNjaGVtYV92ZXJzaW9uIjoiMSJ9",
          "dependencies": [
            "aws_vpc.main"
          ]
        }
      ]
    },
    {
      "mode": "managed",
      "type": "aws_subnet",
      "name": "i-one-test-public-zone-b",
      "provider": "provider[\"registry.terraform.io/hashicorp/aws\"]",
      "instances": [
        {
          "schema_version": 1,
          "attributes": {
            "arn": "arn:aws:ec2:eu-west-2:891377361231:subnet/subnet-0b5c7c311c22393c4",
            "assign_ipv6_address_on_creation": false,
            "availability_zone": "eu-west-2b",
            "availability_zone_id": "euw2-az3",
            "cidr_block": "10.0.2.0/24",
            "customer_owned_ipv4_pool": "",
            "enable_dns64": false,
            "enable_lni_at_device_index": 0,
            "enable_resource_name_dns_a_record_on_launch": false,
            "enable_resource_name_dns_aaaa_record_on_launch": false,
            "id": "subnet-0b5c7c311c22393c4",
            "ipv6_cidr_block": "",
            "ipv6_cidr_block_association_id": "",
            "ipv6_native": false,
            "map_customer_owned_ip_on_launch": false,
            "map_public_ip_on_launch": true,
            "outpost_arn": "",
            "owner_id": "891377361231",
            "private_dns_hostname_type_on_launch": "ip-name",
            "tags": {
              "Name": "i-one-test-public-sub-b"
            },
            "tags_all": {
              "Name": "i-one-test-public-sub-b"
            },
            "timeouts": null,
            "vpc_id": "vpc-0b52524363236e2a8"
          },
          "sensitive_attributes": [],
          "private": "eyJlMmJmYjczMC1lY2FhLTExZTYtOGY4OC0zNDM2M2JjN2M0YzAiOnsiY3JlYXRlIjo2MDAwMDAwMDAwMDAsImRlbGV0ZSI6MTIwMDAwMDAwMDAwMH0sInNjaGVtYV92ZXJzaW9uIjoiMSJ9",
          "dependencies": [
            "aws_vpc.main"
          ]
        }
      ]
    },
    {
      "mode": "managed",
      "type": "aws_vpc",
      "name": "main",
      "provider": "provider[\"registry.terraform.io/hashicorp/aws\"]",
      "instances": [
        {
          "schema_version": 1,
          "attributes": {
            "arn": "arn:aws:ec2:eu-west-2:891377361231:vpc/vpc-0b52524363236e2a8",
            "assign_generated_ipv6_cidr_block": false,
            "cidr_block": "10.0.0.0/16",
            "default_network_acl_id": "acl-0eeaca5b9ddbd3a0f",
            "default_route_table_id": "rtb-00efa57d3a498f528",
            "default_security_group_id": "sg-0d6af0c64d4e9535f",
            "dhcp_options_id": "dopt-0463bf072b39f7839",
            "enable_dns_hostnames": true,
            "enable_dns_support": true,
            "enable_network_address_usage_metrics": false,
            "id": "vpc-0b52524363236e2a8",
            "instance_tenancy": "default",
            "ipv4_ipam_pool_id": null,
            "ipv4_netmask_length": null,
            "ipv6_association_id": "",
            "ipv6_cidr_block": "",
            "ipv6_cidr_block_network_border_group": "",
            "ipv6_ipam_pool_id": "",
            "ipv6_netmask_length": 0,
            "main_route_table_id": "rtb-00efa57d3a498f528",
            "owner_id": "891377361231",
            "tags": {
              "name": "i-one-test"
            },
            "tags_all": {
              "name": "i-one-test"
            }
          },
          "sensitive_attributes": [],
          "private": "eyJzY2hlbWFfdmVyc2lvbiI6IjEifQ=="
        }
      ]
    },
    {
      "mode": "managed",
      "type": "aws_vpc_endpoint",
      "name": "backend-ssm",
      "provider": "provider[\"registry.terraform.io/hashicorp/aws\"]",
      "instances": [
        {
          "schema_version": 0,
          "attributes": {
            "arn": "arn:aws:ec2:eu-west-2:891377361231:vpc-endpoint/vpce-054732c90a16c1371",
            "auto_accept": null,
            "cidr_blocks": [],
            "dns_entry": [
              {
                "dns_name": "vpce-054732c90a16c1371-pim4ssod.ssm.eu-west-2.vpce.amazonaws.com",
                "hosted_zone_id": "Z7K1066E3PUKB"
              },
              {
                "dns_name": "vpce-054732c90a16c1371-pim4ssod-eu-west-2a.ssm.eu-west-2.vpce.amazonaws.com",
                "hosted_zone_id": "Z7K1066E3PUKB"
              },
              {
                "dns_name": "vpce-054732c90a16c1371-pim4ssod-eu-west-2b.ssm.eu-west-2.vpce.amazonaws.com",
                "hosted_zone_id": "Z7K1066E3PUKB"
              },
              {
                "dns_name": "ssm.eu-west-2.amazonaws.com",
                "hosted_zone_id": "Z092458722QSUVQSNR44Y"
              }
            ],
            "dns_options": [
              {
                "dns_record_ip_type": "ipv4",
                "private_dns_only_for_inbound_resolver_endpoint": false
              }
            ],
            "id": "vpce-054732c90a16c1371",
            "ip_address_type": "ipv4",
            "network_interface_ids": [
              "eni-019c4387c6e0004a4",
              "eni-09af617ca03788d5d"
            ],
            "owner_id": "891377361231",
            "policy": "{\"Statement\":[{\"Action\":\"*\",\"Effect\":\"Allow\",\"Principal\":\"*\",\"Resource\":\"*\"}]}",
            "prefix_list_id": null,
            "private_dns_enabled": true,
            "requester_managed": false,
            "resource_configuration_arn": "",
            "route_table_ids": [],
            "security_group_ids": [
              "sg-05d152108b632f00b"
            ],
            "service_name": "com.amazonaws.eu-west-2.ssm",
            "service_network_arn": "",
            "service_region": "eu-west-2",
            "state": "available",
            "subnet_configuration": [
              {
                "ipv4": "10.0.1.50",
                "ipv6": "",
                "subnet_id": "subnet-0ff3c3b4df6fc2afc"
              },
              {
                "ipv4": "10.0.3.205",
                "ipv6": "",
                "subnet_id": "subnet-04ffbccb7fd1dd4d6"
              }
            ],
            "subnet_ids": [
              "subnet-04ffbccb7fd1dd4d6",
              "subnet-0ff3c3b4df6fc2afc"
            ],
            "tags": {
              "environment": "staging"
            },
            "tags_all": {
              "environment": "staging"
            },
            "timeouts": null,
            "vpc_endpoint_type": "Interface",
            "vpc_id": "vpc-0b52524363236e2a8"
          },
          "sensitive_attributes": [],
          "private": "eyJlMmJmYjczMC1lY2FhLTExZTYtOGY4OC0zNDM2M2JjN2M0YzAiOnsiY3JlYXRlIjo2MDAwMDAwMDAwMDAsImRlbGV0ZSI6NjAwMDAwMDAwMDAwLCJ1cGRhdGUiOjYwMDAwMDAwMDAwMH19",
          "dependencies": [
            "aws_security_group.vpce_sg",
            "aws_subnet.i-one-test-private-zone-a",
            "aws_subnet.i-one-test-private-zone-b",
            "aws_vpc.main"
          ]
        }
      ]
    },
    {
      "mode": "managed",
      "type": "aws_vpc_endpoint",
      "name": "backend-ssm_ec2_messages",
      "provider": "provider[\"registry.terraform.io/hashicorp/aws\"]",
      "instances": [
        {
          "schema_version": 0,
          "attributes": {
            "arn": "arn:aws:ec2:eu-west-2:891377361231:vpc-endpoint/vpce-053d3453d25b92baa",
            "auto_accept": null,
            "cidr_blocks": [],
            "dns_entry": [
              {
                "dns_name": "vpce-053d3453d25b92baa-364tp4r9.ec2messages.eu-west-2.vpce.amazonaws.com",
                "hosted_zone_id": "Z7K1066E3PUKB"
              },
              {
                "dns_name": "vpce-053d3453d25b92baa-364tp4r9-eu-west-2a.ec2messages.eu-west-2.vpce.amazonaws.com",
                "hosted_zone_id": "Z7K1066E3PUKB"
              },
              {
                "dns_name": "vpce-053d3453d25b92baa-364tp4r9-eu-west-2b.ec2messages.eu-west-2.vpce.amazonaws.com",
                "hosted_zone_id": "Z7K1066E3PUKB"
              },
              {
                "dns_name": "ec2messages.eu-west-2.amazonaws.com",
                "hosted_zone_id": "Z08369026OS8RP1U630O"
              }
            ],
            "dns_options": [
              {
                "dns_record_ip_type": "ipv4",
                "private_dns_only_for_inbound_resolver_endpoint": false
              }
            ],
            "id": "vpce-053d3453d25b92baa",
            "ip_address_type": "ipv4",
            "network_interface_ids": [
              "eni-075de4f7e735625dd",
              "eni-0a6476f215568dc06"
            ],
            "owner_id": "891377361231",
            "policy": "{\"Statement\":[{\"Action\":\"*\",\"Effect\":\"Allow\",\"Principal\":\"*\",\"Resource\":\"*\"}]}",
            "prefix_list_id": null,
            "private_dns_enabled": true,
            "requester_managed": false,
            "resource_configuration_arn": "",
            "route_table_ids": [],
            "security_group_ids": [
              "sg-05d152108b632f00b"
            ],
            "service_name": "com.amazonaws.eu-west-2.ec2messages",
            "service_network_arn": "",
            "service_region": "eu-west-2",
            "state": "available",
            "subnet_configuration": [
              {
                "ipv4": "10.0.1.36",
                "ipv6": "",
                "subnet_id": "subnet-0ff3c3b4df6fc2afc"
              },
              {
                "ipv4": "10.0.3.218",
                "ipv6": "",
                "subnet_id": "subnet-04ffbccb7fd1dd4d6"
              }
            ],
            "subnet_ids": [
              "subnet-04ffbccb7fd1dd4d6",
              "subnet-0ff3c3b4df6fc2afc"
            ],
            "tags": {
              "environment": "staging"
            },
            "tags_all": {
              "environment": "staging"
            },
            "timeouts": null,
            "vpc_endpoint_type": "Interface",
            "vpc_id": "vpc-0b52524363236e2a8"
          },
          "sensitive_attributes": [],
          "private": "eyJlMmJmYjczMC1lY2FhLTExZTYtOGY4OC0zNDM2M2JjN2M0YzAiOnsiY3JlYXRlIjo2MDAwMDAwMDAwMDAsImRlbGV0ZSI6NjAwMDAwMDAwMDAwLCJ1cGRhdGUiOjYwMDAwMDAwMDAwMH19",
          "dependencies": [
            "aws_security_group.vpce_sg",
            "aws_subnet.i-one-test-private-zone-a",
            "aws_subnet.i-one-test-private-zone-b",
            "aws_vpc.main"
          ]
        }
      ]
    },
    {
      "mode": "managed",
      "type": "aws_vpc_endpoint",
      "name": "backend-ssm_messages",
      "provider": "provider[\"registry.terraform.io/hashicorp/aws\"]",
      "instances": [
        {
          "schema_version": 0,
          "attributes": {
            "arn": "arn:aws:ec2:eu-west-2:891377361231:vpc-endpoint/vpce-04782af28d4c75a26",
            "auto_accept": null,
            "cidr_blocks": [],
            "dns_entry": [
              {
                "dns_name": "vpce-04782af28d4c75a26-xcqf34zv.ssmmessages.eu-west-2.vpce.amazonaws.com",
                "hosted_zone_id": "Z7K1066E3PUKB"
              },
              {
                "dns_name": "vpce-04782af28d4c75a26-xcqf34zv-eu-west-2b.ssmmessages.eu-west-2.vpce.amazonaws.com",
                "hosted_zone_id": "Z7K1066E3PUKB"
              },
              {
                "dns_name": "vpce-04782af28d4c75a26-xcqf34zv-eu-west-2a.ssmmessages.eu-west-2.vpce.amazonaws.com",
                "hosted_zone_id": "Z7K1066E3PUKB"
              },
              {
                "dns_name": "ssmmessages.eu-west-2.amazonaws.com",
                "hosted_zone_id": "Z08087053VYQZ2EOL9I7W"
              }
            ],
            "dns_options": [
              {
                "dns_record_ip_type": "ipv4",
                "private_dns_only_for_inbound_resolver_endpoint": false
              }
            ],
            "id": "vpce-04782af28d4c75a26",
            "ip_address_type": "ipv4",
            "network_interface_ids": [
              "eni-0323fd204caeea6e1",
              "eni-0a6bb01e5edd60663"
            ],
            "owner_id": "891377361231",
            "policy": "{\"Statement\":[{\"Action\":\"*\",\"Effect\":\"Allow\",\"Principal\":\"*\",\"Resource\":\"*\"}]}",
            "prefix_list_id": null,
            "private_dns_enabled": true,
            "requester_managed": false,
            "resource_configuration_arn": "",
            "route_table_ids": [],
            "security_group_ids": [
              "sg-0d6af0c64d4e9535f"
            ],
            "service_name": "com.amazonaws.eu-west-2.ssmmessages",
            "service_network_arn": "",
            "service_region": "eu-west-2",
            "state": "available",
            "subnet_configuration": [
              {
                "ipv4": "10.0.1.134",
                "ipv6": "",
                "subnet_id": "subnet-0ff3c3b4df6fc2afc"
              },
              {
                "ipv4": "10.0.3.57",
                "ipv6": "",
                "subnet_id": "subnet-04ffbccb7fd1dd4d6"
              }
            ],
            "subnet_ids": [
              "subnet-04ffbccb7fd1dd4d6",
              "subnet-0ff3c3b4df6fc2afc"
            ],
            "tags": {
              "environment": "staging"
            },
            "tags_all": {
              "environment": "staging"
            },
            "timeouts": null,
            "vpc_endpoint_type": "Interface",
            "vpc_id": "vpc-0b52524363236e2a8"
          },
          "sensitive_attributes": [],
          "private": "eyJlMmJmYjczMC1lY2FhLTExZTYtOGY4OC0zNDM2M2JjN2M0YzAiOnsiY3JlYXRlIjo2MDAwMDAwMDAwMDAsImRlbGV0ZSI6NjAwMDAwMDAwMDAwLCJ1cGRhdGUiOjYwMDAwMDAwMDAwMH19",
          "dependencies": [
            "aws_subnet.i-one-test-private-zone-a",
            "aws_subnet.i-one-test-private-zone-b",
            "aws_vpc.main"
          ]
        }
      ]
    },
    {
      "mode": "managed",
      "type": "local_file",
      "name": "ec2-bastion-host-public-key",
      "provider": "provider[\"registry.terraform.io/hashicorp/local\"]",
      "instances": [
        {
          "schema_version": 0,
          "attributes": {
            "content": "ssh-rsa AAAAB3NzaC1yc2EAAAADAQABAAACAQDZz41hWeIbmhG2BHPPuAvuDyKCn5PZbXAYfuH1sTFDK83rQ4JG0KaygB0KJTiKI6BAySbShF3LwGc06aAsQLf45BLeRr3xgOvnR51MEv2E040sQ5PNcbqHNaWOYlffPYFjFoXjajkSVCv26bXlc6seRDDaBI6Ezz84WXbtzkpoxeXz5Ot2zp5DQKxT6LI59eNmqC5XqLlRSRx5RUPhD2JOZTdGkpGpAeK/EfEw3NM8iZhKPAeJm+zJ3JgEZLk8F6srQfILmbIxEjlVYj5uV7RRVLq5HIfKfl6gA0u0yIS92gZZeTY5nqmaVZWotvirAvawm+GY5TQf7Q5FRfK8fUgg8F6IP+A09Tw78Bh8XbLg6Cw0ooMhqJrdfKszdHhPQTSwS8xvq5AUp956pFHJ4879uVIQzyQTqpfmJl+FXjPaFYzBK3ItZ3ukbhzZ6kg52If50WOTzRo3DCHP6j6hPadlVViMkLASB3IY50jCwdGL9aga7GXh/hZ6IaaaGosP0B2VGiK469gWGVeFmpma3WqJ6F2k1m2mVioa2jKFSlwBJ73idBCprpE5BUL8eR9LBjNyJIFhod2guO/gdLZsEiHE7+cuS9JPOgxubrab2VRHJQA+iRwQ6EMg5F3Tg4OUlDjWntVefhdF93fSO8C7uscUx2B4olWZj97Buo89oOrgFQ==\n",
            "content_base64": null,
            "content_base64sha256": "hA8uk7eyg1yc9tLT2F+f8XUkcopd4oMJNLoGzWf9F/w=",
            "content_base64sha512": "fMAyhQ3jIdPsNGQ+BbLpwJTqsNrdPuS297X3ThwDDGh0fZpgSVe9R4RwN/2Q4WyOVk5LAQ8oKBptZfPm3fAgNA==",
            "content_md5": "d3e3e69f2ad7340c5ee27ab87447d2a0",
            "content_sha1": "9cfee2459af5157592202d630112922c4a2f9a6b",
            "content_sha256": "840f2e93b7b2835c9cf6d2d3d85f9ff17524728a5de2830934ba06cd67fd17fc",
            "content_sha512": "7cc032850de321d3ec34643e05b2e9c094eab0dadd3ee4b6f7b5f74e1c030c68747d9a604957bd47847037fd90e16c8e564e4b010f28281a6d65f3e6ddf02034",
            "directory_permission": "0777",
            "file_permission": "0777",
            "filename": "./secrets/ec2-bastion-key-pair.pub",
            "id": "9cfee2459af5157592202d630112922c4a2f9a6b",
            "sensitive_content": null,
            "source": null
          },
          "sensitive_attributes": [
            [
              {
                "type": "get_attr",
                "value": "sensitive_content"
              }
            ]
          ],
          "dependencies": [
            "tls_private_key.ec2-bastion-host-key-pair"
          ]
        }
      ]
    },
    {
      "mode": "managed",
      "type": "local_sensitive_file",
      "name": "ec2-bastion-host-private-key",
      "provider": "provider[\"registry.terraform.io/hashicorp/local\"]",
      "instances": [
        {
          "schema_version": 0,
          "attributes": {
            "content": "-----BEGIN RSA PRIVATE KEY-----\nMIIJKgIBAAKCAgEA2c+NYVniG5oRtgRzz7gL7g8igp+T2W1wGH7h9bExQyvN60OC\nRtCmsoAdCiU4iiOgQMkm0oRdy8BnNOmgLEC3+OQS3ka98YDr50edTBL9hNONLEOT\nzXG6hzWljmJX3z2BYxaF42o5ElQr9um15XOrHkQw2gSOhM8/OFl27c5KaMXl8+Tr\nds6eQ0CsU+iyOfXjZqguV6i5UUkceUVD4Q9iTmU3RpKRqQHivxHxMNzTPImYSjwH\niZvsydyYBGS5PBerK0HyC5myMRI5VWI+ble0UVS6uRyHyn5eoANLtMiEvdoGWXk2\nOZ6pmlWVqLb4qwL2sJvhmOU0H+0ORUXyvH1IIPBeiD/gNPU8O/AYfF2y4OgsNKKD\nIaia3XyrM3R4T0E0sEvMb6uQFKfeeqRRyePO/blSEM8kE6qX5iZfhV4z2hWMwSty\nLWd7pG4c2epIOdiH+dFjk80aNwwhz+o+oT2nZVVYjJCwEgdyGOdIwsHRi/WoGuxl\n4f4WeiGmmhqLD9AdlRoiuOvYFhlXhZqZmt1qiehdpNZtplYqGtoyhUpcASe94nQQ\nqa6ROQVC/HkfSwYzciSBYaHdoLjv4HS2bBIhxO/nLkvSTzoMbm62m9lURyUAPokc\nEOhDIORd04ODlJQ41p7VXn4XRfd30jvAu7rHFMdgeKJVmY/ewbqPPaDq4BUCAwEA\nAQKCAgEAvWzIJDYrcp3XcVkF70y881iuRrPJvXpz1pnioe5sTWK3PzgDANtNXkgU\n+VHNjjXVlQJbhRIhEKZQG7Bi4JmYZhjUYANeBb59azLZFeQeH3pseGZ9EFssQZLi\nXKYijb/L2wUng9RJtisF4UL4MokZ9MSRR8pWuCIVdUg5KjASfnQ9vJMGRNkEwrBo\nLsFc3xN9pTX2t73BDXRsEvuuQPlEIbHdFL87dqRxMoLEJB6ohymTDFyQoZi9ogD7\nJDcE8cIT1xcPDg+o7QxQWHWMniIga+soSP0LC4xDdx3mpV8OMp5+jynfgtT9438z\nHPuj3/Y/3PB0jqgnYOylUJG4vTynkIJ+OJeB1Qmsy2+gS7CtYLV2f6IjG9SVREBa\nMUbEqFlD8ouJRCB8Uf2dt6a3mKllkfftLy/3IZYiof66WRaciq/jFJUjrV+aRavj\nK68xa5dohqOmZeBHypS9Ofk5ggyS4wdPtBK1elKGKIx/9nYcVYwZ9noihvFflHlS\nQ6t0xgTczJmo0bEooL2NNDmEONihKsSrt4JbBiGuPOttQ3uy5fnUl2PH+aanb6OY\nkAZXZQD9OiGKNahCBiA2jn3K2FWGAWo0/jEXt5K1OR0o36BZDVPbFvXGQ13fhiiC\ng6CRUsTVmDkmPKzdL6f2tV8IdOSQO9DNbv3H6bGOaVof7twaGAECggEBAPr1D4d1\nIXlG34OjLurj41eKlIX9QwyMyQx9zSXF886FLH6Zo2eMpxRWYqALFv7hZS8zTcRS\nqIqlIM8XumTOw2DcJXZwTMY+pUunzXWR01eo/qBCH6BZWv49ww7BV1P4WNP9TubP\nb2kfcrzj5m5ywsRRwNZBXFC5YWrTbOgxdqz3GnXHCMeofTt9dorXWCqkVxRANr3R\n98kBOEuVlycs6IQyzvIiNOnigiH5YXJpNl7AWWhE5yLsZr6Ksm1Q1B4uyH6JAz5s\nE7g6B99fhU5XX4rj3wURosrB40PxK6QvUqMhnmtESXF4HxNFHg1jwRcYHAXu11+L\nPEF+wCGpddG7QpUCggEBAN4v++I29Cvf/ofSaAQdOhkkUw04rZTPSMjLIqR5+7vJ\n49ndjMiHpd+jPCmmMRom3/dgUw3O16KB7LwRspJjMkgvKOuRxnTT1bsYE1y9nDyL\njhm764xKO+tcVuvASbAZFkTeuFf/qH5OEmZc3tBLYkxqHv7M0w7WN1ep6/jEM+0v\na259O9r7N5sd34dgJ5Vj9lQF4Cdv0wBpOmd5DoIWrDWvwfUY9Skk+bVY3E1f9Ctm\nr5pQiEhl/vL9d4blkzVMsitzXdC8qir4RiyW1Bk5GhCdJFlrY3FXCb19nX33Vuqj\no23ftkOJMeZFgifMHj5nMfSNURTWgxB/weMFLlL7R4ECggEBAMecZN25rQZp+R8b\njRYIbawT7k8lQ0+YK9Jjveltqp96Dgok6nRSzBLBI3FpYMEbRwBkLlcZ6DVfYtlW\nZkwIqh9A/AtZB7gn3BJxRltdwlzXbrDJ554DdP0E40G5R1zjDMSRl1C/bj6PZRQZ\nsg/n+ENvQ5MoKeWLjpEJ2nZV4a9yXPmRdspYmkPXZ5LH9rj0Ps88xE331L9s2PpF\n4hSnA8sjHrg5vRzLrfaYBYqbZUO4e2UUaUS+BHtKluGciRv42kDLemkMTiMbBWgG\n8mF93eD7n0jI3lOoJLzF95CAk5puAzQO/NvkT9NkBqNf1RYpdyDA+U5l0WfHCcu8\nnppT+IECggEAfGfTmiL47oQZyUTnVr5ipGcxVWrRzkuNzlfnCr7+U3REbt1dEX7a\nQnDso8lZHvJ7XtCBUG7rUCN9QQSLvulp4v7844GY5BskRgDB/qBwFXpyUzhkOAXs\nrOjkBlaBK+ewD1nBUAxm9GmUZdpEK865uF2HA1X+KwWIsT4EUSLSjFCLz66xT/hv\ndxvv56XQJBZ3ey5bBtnXBBjnSb5/gBlfzSOe7zRNOP9qDb82guBiH9b8JeRHmnn5\nmWaQgWiT1zkdXbTX56NriGnBKQA+u+y8CmdiTesSIAkC/CWUhE50TSbYwBGNxRzR\nYsSyjsP8fyZa0zo5FvjRI/DUx99Dw9TMgQKCAQEAv28piyJPIgPAqs7cNlEndDVf\nSF7p+YXVGQra0aSNDWhEwobzwKMIjhZ1Azi55WjdXNYfzdPggvPzj+TL3foOyDpx\nTWP+dY24UtEg1EqySWxUIX+cvmhc9ohhFO9axyjOVyTyOHpOIJbd6WBQuPwYC7aL\nYnRWvQpL2yLbrIfU7oPqAl8gpbJww5Gg4WWHgBAk00UKcjpxzGVeejzlDgn8MQ2E\n5B74p/2zz7f66J44bMgMqJm9IDsi8slrhRuEI7Vb5O0quxGY5/ErAu1DNyn6tvQ0\n/Lv4cE5taUh+a9OzxDY+zsPO799oEb7yV1QCoEgoyKM3gk1kjyPYKlL7TSuoBQ==\n-----END RSA PRIVATE KEY-----\n",
            "content_base64": null,
            "content_base64sha256": "CMGoQcvHXc+5QUcRd0JQO+6mwWlU9+kNVuXsP/93gTU=",
            "content_base64sha512": "TEvnLlGlHA8/G1b4K60fEboBPUP+DKOcq1YtJyWdXsrMDbNhe0ibZqXMkvjJivFAMMSPRsiIDzC5uNmShRSOJw==",
            "content_md5": "9d5cc3a79c6ce9f0b5fb9f75614baf37",
            "content_sha1": "1db990bf273cfc9b192a40a0672f4d9c55d7d568",
            "content_sha256": "08c1a841cbc75dcfb94147117742503beea6c16954f7e90d56e5ec3fff778135",
            "content_sha512": "4c4be72e51a51c0f3f1b56f82bad1f11ba013d43fe0ca39cab562d27259d5ecacc0db3617b489b66a5cc92f8c98af14030c48f46c8880f30b9b8d99285148e27",
            "directory_permission": "0700",
            "file_permission": "0600",
            "filename": "./secrets/ec2-bastion-key-pair.pem",
            "id": "1db990bf273cfc9b192a40a0672f4d9c55d7d568",
            "source": null
          },
          "sensitive_attributes": [
            [
              {
                "type": "get_attr",
                "value": "content_base64"
              }
            ],
            [
              {
                "type": "get_attr",
                "value": "content"
              }
            ]
          ],
          "dependencies": [
            "tls_private_key.ec2-bastion-host-key-pair"
          ]
        }
      ]
    },
    {
      "mode": "managed",
      "type": "random_string",
      "name": "random-suffix",
      "provider": "provider[\"registry.terraform.io/hashicorp/random\"]",
      "instances": [
        {
          "schema_version": 2,
          "attributes": {
            "id": "v2p81l",
            "keepers": null,
            "length": 6,
            "lower": true,
            "min_lower": 0,
            "min_numeric": 0,
            "min_special": 0,
            "min_upper": 0,
            "number": true,
            "numeric": true,
            "override_special": null,
            "result": "v2p81l",
            "special": false,
            "upper": false
          },
          "sensitive_attributes": []
        }
      ]
    },
    {
      "mode": "managed",
      "type": "tls_private_key",
      "name": "ec2-bastion-host-key-pair",
      "provider": "provider[\"registry.terraform.io/hashicorp/tls\"]",
      "instances": [
        {
          "schema_version": 1,
          "attributes": {
            "algorithm": "RSA",
            "ecdsa_curve": "P224",
            "id": "ab8c54dd9e9f6dccd5e8b64d04f304ed0799e876",
            "private_key_openssh": "-----BEGIN OPENSSH PRIVATE KEY-----\nb3BlbnNzaC1rZXktdjEAAAAABG5vbmUAAAAEbm9uZQAAAAAAAAABAAACFwAAAAdz\nc2gtcnNhAAAAAwEAAQAAAgEA2c+NYVniG5oRtgRzz7gL7g8igp+T2W1wGH7h9bEx\nQyvN60OCRtCmsoAdCiU4iiOgQMkm0oRdy8BnNOmgLEC3+OQS3ka98YDr50edTBL9\nhNONLEOTzXG6hzWljmJX3z2BYxaF42o5ElQr9um15XOrHkQw2gSOhM8/OFl27c5K\naMXl8+Trds6eQ0CsU+iyOfXjZqguV6i5UUkceUVD4Q9iTmU3RpKRqQHivxHxMNzT\nPImYSjwHiZvsydyYBGS5PBerK0HyC5myMRI5VWI+ble0UVS6uRyHyn5eoANLtMiE\nvdoGWXk2OZ6pmlWVqLb4qwL2sJvhmOU0H+0ORUXyvH1IIPBeiD/gNPU8O/AYfF2y\n4OgsNKKDIaia3XyrM3R4T0E0sEvMb6uQFKfeeqRRyePO/blSEM8kE6qX5iZfhV4z\n2hWMwStyLWd7pG4c2epIOdiH+dFjk80aNwwhz+o+oT2nZVVYjJCwEgdyGOdIwsHR\ni/WoGuxl4f4WeiGmmhqLD9AdlRoiuOvYFhlXhZqZmt1qiehdpNZtplYqGtoyhUpc\nASe94nQQqa6ROQVC/HkfSwYzciSBYaHdoLjv4HS2bBIhxO/nLkvSTzoMbm62m9lU\nRyUAPokcEOhDIORd04ODlJQ41p7VXn4XRfd30jvAu7rHFMdgeKJVmY/ewbqPPaDq\n4BUAAAc4ZX5hC2V+YQsAAAAHc3NoLXJzYQAAAgEA2c+NYVniG5oRtgRzz7gL7g8i\ngp+T2W1wGH7h9bExQyvN60OCRtCmsoAdCiU4iiOgQMkm0oRdy8BnNOmgLEC3+OQS\n3ka98YDr50edTBL9hNONLEOTzXG6hzWljmJX3z2BYxaF42o5ElQr9um15XOrHkQw\n2gSOhM8/OFl27c5KaMXl8+Trds6eQ0CsU+iyOfXjZqguV6i5UUkceUVD4Q9iTmU3\nRpKRqQHivxHxMNzTPImYSjwHiZvsydyYBGS5PBerK0HyC5myMRI5VWI+ble0UVS6\nuRyHyn5eoANLtMiEvdoGWXk2OZ6pmlWVqLb4qwL2sJvhmOU0H+0ORUXyvH1IIPBe\niD/gNPU8O/AYfF2y4OgsNKKDIaia3XyrM3R4T0E0sEvMb6uQFKfeeqRRyePO/blS\nEM8kE6qX5iZfhV4z2hWMwStyLWd7pG4c2epIOdiH+dFjk80aNwwhz+o+oT2nZVVY\njJCwEgdyGOdIwsHRi/WoGuxl4f4WeiGmmhqLD9AdlRoiuOvYFhlXhZqZmt1qiehd\npNZtplYqGtoyhUpcASe94nQQqa6ROQVC/HkfSwYzciSBYaHdoLjv4HS2bBIhxO/n\nLkvSTzoMbm62m9lURyUAPokcEOhDIORd04ODlJQ41p7VXn4XRfd30jvAu7rHFMdg\neKJVmY/ewbqPPaDq4BUAAAADAQABAAACAQC9bMgkNitynddxWQXvTLzzWK5Gs8m9\nenPWmeKh7mxNYrc/OAMA201eSBT5Uc2ONdWVAluFEiEQplAbsGLgmZhmGNRgA14F\nvn1rMtkV5B4femx4Zn0QWyxBkuJcpiKNv8vbBSeD1Em2KwXhQvgyiRn0xJFHyla4\nIhV1SDkqMBJ+dD28kwZE2QTCsGguwVzfE32lNfa3vcENdGwS+65A+UQhsd0Uvzt2\npHEygsQkHqiHKZMMXJChmL2iAPskNwTxwhPXFw8OD6jtDFBYdYyeIiBr6yhI/QsL\njEN3HealXw4ynn6PKd+C1P3jfzMc+6Pf9j/c8HSOqCdg7KVQkbi9PKeQgn44l4HV\nCazLb6BLsK1gtXZ/oiMb1JVEQFoxRsSoWUPyi4lEIHxR/Z23preYqWWR9+0vL/ch\nliKh/rpZFpyKr+MUlSOtX5pFq+MrrzFrl2iGo6Zl4EfKlL05+TmCDJLjB0+0ErV6\nUoYojH/2dhxVjBn2eiKG8V+UeVJDq3TGBNzMmajRsSigvY00OYQ42KEqxKu3glsG\nIa48621De7Ll+dSXY8f5pqdvo5iQBldlAP06IYo1qEIGIDaOfcrYVYYBajT+MRe3\nkrU5HSjfoFkNU9sW9cZDXd+GKIKDoJFSxNWYOSY8rN0vp/a1Xwh05JA70M1u/cfp\nsY5pWh/u3BoYAQAAAQEAv28piyJPIgPAqs7cNlEndDVfSF7p+YXVGQra0aSNDWhE\nwobzwKMIjhZ1Azi55WjdXNYfzdPggvPzj+TL3foOyDpxTWP+dY24UtEg1EqySWxU\nIX+cvmhc9ohhFO9axyjOVyTyOHpOIJbd6WBQuPwYC7aLYnRWvQpL2yLbrIfU7oPq\nAl8gpbJww5Gg4WWHgBAk00UKcjpxzGVeejzlDgn8MQ2E5B74p/2zz7f66J44bMgM\nqJm9IDsi8slrhRuEI7Vb5O0quxGY5/ErAu1DNyn6tvQ0/Lv4cE5taUh+a9OzxDY+\nzsPO799oEb7yV1QCoEgoyKM3gk1kjyPYKlL7TSuoBQAAAQEA+vUPh3UheUbfg6Mu\n6uPjV4qUhf1DDIzJDH3NJcXzzoUsfpmjZ4ynFFZioAsW/uFlLzNNxFKoiqUgzxe6\nZM7DYNwldnBMxj6lS6fNdZHTV6j+oEIfoFla/j3DDsFXU/hY0/1O5s9vaR9yvOPm\nbnLCxFHA1kFcULlhatNs6DF2rPcadccIx6h9O312itdYKqRXFEA2vdH3yQE4S5WX\nJyzohDLO8iI06eKCIflhcmk2XsBZaETnIuxmvoqybVDUHi7IfokDPmwTuDoH31+F\nTldfiuPfBRGiysHjQ/ErpC9SoyGea0RJcXgfE0UeDWPBFxgcBe7XX4s8QX7AIal1\n0btClQAAAQEA3i/74jb0K9/+h9JoBB06GSRTDTitlM9IyMsipHn7u8nj2d2MyIel\n36M8KaYxGibf92BTDc7XooHsvBGykmMySC8o65HGdNPVuxgTXL2cPIuOGbvrjEo7\n61xW68BJsBkWRN64V/+ofk4SZlze0EtiTGoe/szTDtY3V6nr+MQz7S9rbn072vs3\nmx3fh2AnlWP2VAXgJ2/TAGk6Z3kOghasNa/B9Rj1KST5tVjcTV/0K2avmlCISGX+\n8v13huWTNUyyK3Nd0LyqKvhGLJbUGTkaEJ0kWWtjcVcJvX2dffdW6qOjbd+2Q4kx\n5kWCJ8wePmcx9I1RFNaDEH/B4wUuUvtHgQAAAAAB\n-----END OPENSSH PRIVATE KEY-----\n",
            "private_key_pem": "-----BEGIN RSA PRIVATE KEY-----\nMIIJKgIBAAKCAgEA2c+NYVniG5oRtgRzz7gL7g8igp+T2W1wGH7h9bExQyvN60OC\nRtCmsoAdCiU4iiOgQMkm0oRdy8BnNOmgLEC3+OQS3ka98YDr50edTBL9hNONLEOT\nzXG6hzWljmJX3z2BYxaF42o5ElQr9um15XOrHkQw2gSOhM8/OFl27c5KaMXl8+Tr\nds6eQ0CsU+iyOfXjZqguV6i5UUkceUVD4Q9iTmU3RpKRqQHivxHxMNzTPImYSjwH\niZvsydyYBGS5PBerK0HyC5myMRI5VWI+ble0UVS6uRyHyn5eoANLtMiEvdoGWXk2\nOZ6pmlWVqLb4qwL2sJvhmOU0H+0ORUXyvH1IIPBeiD/gNPU8O/AYfF2y4OgsNKKD\nIaia3XyrM3R4T0E0sEvMb6uQFKfeeqRRyePO/blSEM8kE6qX5iZfhV4z2hWMwSty\nLWd7pG4c2epIOdiH+dFjk80aNwwhz+o+oT2nZVVYjJCwEgdyGOdIwsHRi/WoGuxl\n4f4WeiGmmhqLD9AdlRoiuOvYFhlXhZqZmt1qiehdpNZtplYqGtoyhUpcASe94nQQ\nqa6ROQVC/HkfSwYzciSBYaHdoLjv4HS2bBIhxO/nLkvSTzoMbm62m9lURyUAPokc\nEOhDIORd04ODlJQ41p7VXn4XRfd30jvAu7rHFMdgeKJVmY/ewbqPPaDq4BUCAwEA\nAQKCAgEAvWzIJDYrcp3XcVkF70y881iuRrPJvXpz1pnioe5sTWK3PzgDANtNXkgU\n+VHNjjXVlQJbhRIhEKZQG7Bi4JmYZhjUYANeBb59azLZFeQeH3pseGZ9EFssQZLi\nXKYijb/L2wUng9RJtisF4UL4MokZ9MSRR8pWuCIVdUg5KjASfnQ9vJMGRNkEwrBo\nLsFc3xN9pTX2t73BDXRsEvuuQPlEIbHdFL87dqRxMoLEJB6ohymTDFyQoZi9ogD7\nJDcE8cIT1xcPDg+o7QxQWHWMniIga+soSP0LC4xDdx3mpV8OMp5+jynfgtT9438z\nHPuj3/Y/3PB0jqgnYOylUJG4vTynkIJ+OJeB1Qmsy2+gS7CtYLV2f6IjG9SVREBa\nMUbEqFlD8ouJRCB8Uf2dt6a3mKllkfftLy/3IZYiof66WRaciq/jFJUjrV+aRavj\nK68xa5dohqOmZeBHypS9Ofk5ggyS4wdPtBK1elKGKIx/9nYcVYwZ9noihvFflHlS\nQ6t0xgTczJmo0bEooL2NNDmEONihKsSrt4JbBiGuPOttQ3uy5fnUl2PH+aanb6OY\nkAZXZQD9OiGKNahCBiA2jn3K2FWGAWo0/jEXt5K1OR0o36BZDVPbFvXGQ13fhiiC\ng6CRUsTVmDkmPKzdL6f2tV8IdOSQO9DNbv3H6bGOaVof7twaGAECggEBAPr1D4d1\nIXlG34OjLurj41eKlIX9QwyMyQx9zSXF886FLH6Zo2eMpxRWYqALFv7hZS8zTcRS\nqIqlIM8XumTOw2DcJXZwTMY+pUunzXWR01eo/qBCH6BZWv49ww7BV1P4WNP9TubP\nb2kfcrzj5m5ywsRRwNZBXFC5YWrTbOgxdqz3GnXHCMeofTt9dorXWCqkVxRANr3R\n98kBOEuVlycs6IQyzvIiNOnigiH5YXJpNl7AWWhE5yLsZr6Ksm1Q1B4uyH6JAz5s\nE7g6B99fhU5XX4rj3wURosrB40PxK6QvUqMhnmtESXF4HxNFHg1jwRcYHAXu11+L\nPEF+wCGpddG7QpUCggEBAN4v++I29Cvf/ofSaAQdOhkkUw04rZTPSMjLIqR5+7vJ\n49ndjMiHpd+jPCmmMRom3/dgUw3O16KB7LwRspJjMkgvKOuRxnTT1bsYE1y9nDyL\njhm764xKO+tcVuvASbAZFkTeuFf/qH5OEmZc3tBLYkxqHv7M0w7WN1ep6/jEM+0v\na259O9r7N5sd34dgJ5Vj9lQF4Cdv0wBpOmd5DoIWrDWvwfUY9Skk+bVY3E1f9Ctm\nr5pQiEhl/vL9d4blkzVMsitzXdC8qir4RiyW1Bk5GhCdJFlrY3FXCb19nX33Vuqj\no23ftkOJMeZFgifMHj5nMfSNURTWgxB/weMFLlL7R4ECggEBAMecZN25rQZp+R8b\njRYIbawT7k8lQ0+YK9Jjveltqp96Dgok6nRSzBLBI3FpYMEbRwBkLlcZ6DVfYtlW\nZkwIqh9A/AtZB7gn3BJxRltdwlzXbrDJ554DdP0E40G5R1zjDMSRl1C/bj6PZRQZ\nsg/n+ENvQ5MoKeWLjpEJ2nZV4a9yXPmRdspYmkPXZ5LH9rj0Ps88xE331L9s2PpF\n4hSnA8sjHrg5vRzLrfaYBYqbZUO4e2UUaUS+BHtKluGciRv42kDLemkMTiMbBWgG\n8mF93eD7n0jI3lOoJLzF95CAk5puAzQO/NvkT9NkBqNf1RYpdyDA+U5l0WfHCcu8\nnppT+IECggEAfGfTmiL47oQZyUTnVr5ipGcxVWrRzkuNzlfnCr7+U3REbt1dEX7a\nQnDso8lZHvJ7XtCBUG7rUCN9QQSLvulp4v7844GY5BskRgDB/qBwFXpyUzhkOAXs\nrOjkBlaBK+ewD1nBUAxm9GmUZdpEK865uF2HA1X+KwWIsT4EUSLSjFCLz66xT/hv\ndxvv56XQJBZ3ey5bBtnXBBjnSb5/gBlfzSOe7zRNOP9qDb82guBiH9b8JeRHmnn5\nmWaQgWiT1zkdXbTX56NriGnBKQA+u+y8CmdiTesSIAkC/CWUhE50TSbYwBGNxRzR\nYsSyjsP8fyZa0zo5FvjRI/DUx99Dw9TMgQKCAQEAv28piyJPIgPAqs7cNlEndDVf\nSF7p+YXVGQra0aSNDWhEwobzwKMIjhZ1Azi55WjdXNYfzdPggvPzj+TL3foOyDpx\nTWP+dY24UtEg1EqySWxUIX+cvmhc9ohhFO9axyjOVyTyOHpOIJbd6WBQuPwYC7aL\nYnRWvQpL2yLbrIfU7oPqAl8gpbJww5Gg4WWHgBAk00UKcjpxzGVeejzlDgn8MQ2E\n5B74p/2zz7f66J44bMgMqJm9IDsi8slrhRuEI7Vb5O0quxGY5/ErAu1DNyn6tvQ0\n/Lv4cE5taUh+a9OzxDY+zsPO799oEb7yV1QCoEgoyKM3gk1kjyPYKlL7TSuoBQ==\n-----END RSA PRIVATE KEY-----\n",
            "private_key_pem_pkcs8": "-----BEGIN PRIVATE KEY-----\nMIIJRAIBADANBgkqhkiG9w0BAQEFAASCCS4wggkqAgEAAoICAQDZz41hWeIbmhG2\nBHPPuAvuDyKCn5PZbXAYfuH1sTFDK83rQ4JG0KaygB0KJTiKI6BAySbShF3LwGc0\n6aAsQLf45BLeRr3xgOvnR51MEv2E040sQ5PNcbqHNaWOYlffPYFjFoXjajkSVCv2\n6bXlc6seRDDaBI6Ezz84WXbtzkpoxeXz5Ot2zp5DQKxT6LI59eNmqC5XqLlRSRx5\nRUPhD2JOZTdGkpGpAeK/EfEw3NM8iZhKPAeJm+zJ3JgEZLk8F6srQfILmbIxEjlV\nYj5uV7RRVLq5HIfKfl6gA0u0yIS92gZZeTY5nqmaVZWotvirAvawm+GY5TQf7Q5F\nRfK8fUgg8F6IP+A09Tw78Bh8XbLg6Cw0ooMhqJrdfKszdHhPQTSwS8xvq5AUp956\npFHJ4879uVIQzyQTqpfmJl+FXjPaFYzBK3ItZ3ukbhzZ6kg52If50WOTzRo3DCHP\n6j6hPadlVViMkLASB3IY50jCwdGL9aga7GXh/hZ6IaaaGosP0B2VGiK469gWGVeF\nmpma3WqJ6F2k1m2mVioa2jKFSlwBJ73idBCprpE5BUL8eR9LBjNyJIFhod2guO/g\ndLZsEiHE7+cuS9JPOgxubrab2VRHJQA+iRwQ6EMg5F3Tg4OUlDjWntVefhdF93fS\nO8C7uscUx2B4olWZj97Buo89oOrgFQIDAQABAoICAQC9bMgkNitynddxWQXvTLzz\nWK5Gs8m9enPWmeKh7mxNYrc/OAMA201eSBT5Uc2ONdWVAluFEiEQplAbsGLgmZhm\nGNRgA14Fvn1rMtkV5B4femx4Zn0QWyxBkuJcpiKNv8vbBSeD1Em2KwXhQvgyiRn0\nxJFHyla4IhV1SDkqMBJ+dD28kwZE2QTCsGguwVzfE32lNfa3vcENdGwS+65A+UQh\nsd0Uvzt2pHEygsQkHqiHKZMMXJChmL2iAPskNwTxwhPXFw8OD6jtDFBYdYyeIiBr\n6yhI/QsLjEN3HealXw4ynn6PKd+C1P3jfzMc+6Pf9j/c8HSOqCdg7KVQkbi9PKeQ\ngn44l4HVCazLb6BLsK1gtXZ/oiMb1JVEQFoxRsSoWUPyi4lEIHxR/Z23preYqWWR\n9+0vL/chliKh/rpZFpyKr+MUlSOtX5pFq+MrrzFrl2iGo6Zl4EfKlL05+TmCDJLj\nB0+0ErV6UoYojH/2dhxVjBn2eiKG8V+UeVJDq3TGBNzMmajRsSigvY00OYQ42KEq\nxKu3glsGIa48621De7Ll+dSXY8f5pqdvo5iQBldlAP06IYo1qEIGIDaOfcrYVYYB\najT+MRe3krU5HSjfoFkNU9sW9cZDXd+GKIKDoJFSxNWYOSY8rN0vp/a1Xwh05JA7\n0M1u/cfpsY5pWh/u3BoYAQKCAQEA+vUPh3UheUbfg6Mu6uPjV4qUhf1DDIzJDH3N\nJcXzzoUsfpmjZ4ynFFZioAsW/uFlLzNNxFKoiqUgzxe6ZM7DYNwldnBMxj6lS6fN\ndZHTV6j+oEIfoFla/j3DDsFXU/hY0/1O5s9vaR9yvOPmbnLCxFHA1kFcULlhatNs\n6DF2rPcadccIx6h9O312itdYKqRXFEA2vdH3yQE4S5WXJyzohDLO8iI06eKCIflh\ncmk2XsBZaETnIuxmvoqybVDUHi7IfokDPmwTuDoH31+FTldfiuPfBRGiysHjQ/Er\npC9SoyGea0RJcXgfE0UeDWPBFxgcBe7XX4s8QX7AIal10btClQKCAQEA3i/74jb0\nK9/+h9JoBB06GSRTDTitlM9IyMsipHn7u8nj2d2MyIel36M8KaYxGibf92BTDc7X\nooHsvBGykmMySC8o65HGdNPVuxgTXL2cPIuOGbvrjEo761xW68BJsBkWRN64V/+o\nfk4SZlze0EtiTGoe/szTDtY3V6nr+MQz7S9rbn072vs3mx3fh2AnlWP2VAXgJ2/T\nAGk6Z3kOghasNa/B9Rj1KST5tVjcTV/0K2avmlCISGX+8v13huWTNUyyK3Nd0Lyq\nKvhGLJbUGTkaEJ0kWWtjcVcJvX2dffdW6qOjbd+2Q4kx5kWCJ8wePmcx9I1RFNaD\nEH/B4wUuUvtHgQKCAQEAx5xk3bmtBmn5HxuNFghtrBPuTyVDT5gr0mO96W2qn3oO\nCiTqdFLMEsEjcWlgwRtHAGQuVxnoNV9i2VZmTAiqH0D8C1kHuCfcEnFGW13CXNdu\nsMnnngN0/QTjQblHXOMMxJGXUL9uPo9lFBmyD+f4Q29Dkygp5YuOkQnadlXhr3Jc\n+ZF2yliaQ9dnksf2uPQ+zzzETffUv2zY+kXiFKcDyyMeuDm9HMut9pgFiptlQ7h7\nZRRpRL4Ee0qW4ZyJG/jaQMt6aQxOIxsFaAbyYX3d4PufSMjeU6gkvMX3kICTmm4D\nNA782+RP02QGo1/VFil3IMD5TmXRZ8cJy7yemlP4gQKCAQB8Z9OaIvjuhBnJROdW\nvmKkZzFVatHOS43OV+cKvv5TdERu3V0RftpCcOyjyVke8nte0IFQbutQI31BBIu+\n6Wni/vzjgZjkGyRGAMH+oHAVenJTOGQ4Beys6OQGVoEr57APWcFQDGb0aZRl2kQr\nzrm4XYcDVf4rBYixPgRRItKMUIvPrrFP+G93G+/npdAkFnd7LlsG2dcEGOdJvn+A\nGV/NI57vNE04/2oNvzaC4GIf1vwl5EeaefmZZpCBaJPXOR1dtNfno2uIacEpAD67\n7LwKZ2JN6xIgCQL8JZSETnRNJtjAEY3FHNFixLKOw/x/JlrTOjkW+NEj8NTH30PD\n1MyBAoIBAQC/bymLIk8iA8Cqztw2USd0NV9IXun5hdUZCtrRpI0NaETChvPAowiO\nFnUDOLnlaN1c1h/N0+CC8/OP5Mvd+g7IOnFNY/51jbhS0SDUSrJJbFQhf5y+aFz2\niGEU71rHKM5XJPI4ek4glt3pYFC4/BgLtotidFa9CkvbItush9Tug+oCXyClsnDD\nkaDhZYeAECTTRQpyOnHMZV56POUOCfwxDYTkHvin/bPPt/ronjhsyAyomb0gOyLy\nyWuFG4QjtVvk7Sq7EZjn8SsC7UM3Kfq29DT8u/hwTm1pSH5r07PENj7Ow87v32gR\nvvJXVAKgSCjIozeCTWSPI9gqUvtNK6gF\n-----END PRIVATE KEY-----\n",
            "public_key_fingerprint_md5": "32:d6:5f:a7:79:cd:c5:d2:e4:23:53:cc:b7:0a:e7:68",
            "public_key_fingerprint_sha256": "SHA256:SOGe+b0jYUCV2PXeHQt2o4bQa/SSUG81jE2NM+ZT2Ag",
            "public_key_openssh": "ssh-rsa AAAAB3NzaC1yc2EAAAADAQABAAACAQDZz41hWeIbmhG2BHPPuAvuDyKCn5PZbXAYfuH1sTFDK83rQ4JG0KaygB0KJTiKI6BAySbShF3LwGc06aAsQLf45BLeRr3xgOvnR51MEv2E040sQ5PNcbqHNaWOYlffPYFjFoXjajkSVCv26bXlc6seRDDaBI6Ezz84WXbtzkpoxeXz5Ot2zp5DQKxT6LI59eNmqC5XqLlRSRx5RUPhD2JOZTdGkpGpAeK/EfEw3NM8iZhKPAeJm+zJ3JgEZLk8F6srQfILmbIxEjlVYj5uV7RRVLq5HIfKfl6gA0u0yIS92gZZeTY5nqmaVZWotvirAvawm+GY5TQf7Q5FRfK8fUgg8F6IP+A09Tw78Bh8XbLg6Cw0ooMhqJrdfKszdHhPQTSwS8xvq5AUp956pFHJ4879uVIQzyQTqpfmJl+FXjPaFYzBK3ItZ3ukbhzZ6kg52If50WOTzRo3DCHP6j6hPadlVViMkLASB3IY50jCwdGL9aga7GXh/hZ6IaaaGosP0B2VGiK469gWGVeFmpma3WqJ6F2k1m2mVioa2jKFSlwBJ73idBCprpE5BUL8eR9LBjNyJIFhod2guO/gdLZsEiHE7+cuS9JPOgxubrab2VRHJQA+iRwQ6EMg5F3Tg4OUlDjWntVefhdF93fSO8C7uscUx2B4olWZj97Buo89oOrgFQ==\n",
            "public_key_pem": "-----BEGIN PUBLIC KEY-----\nMIICIjANBgkqhkiG9w0BAQEFAAOCAg8AMIICCgKCAgEA2c+NYVniG5oRtgRzz7gL\n7g8igp+T2W1wGH7h9bExQyvN60OCRtCmsoAdCiU4iiOgQMkm0oRdy8BnNOmgLEC3\n+OQS3ka98YDr50edTBL9hNONLEOTzXG6hzWljmJX3z2BYxaF42o5ElQr9um15XOr\nHkQw2gSOhM8/OFl27c5KaMXl8+Trds6eQ0CsU+iyOfXjZqguV6i5UUkceUVD4Q9i\nTmU3RpKRqQHivxHxMNzTPImYSjwHiZvsydyYBGS5PBerK0HyC5myMRI5VWI+ble0\nUVS6uRyHyn5eoANLtMiEvdoGWXk2OZ6pmlWVqLb4qwL2sJvhmOU0H+0ORUXyvH1I\nIPBeiD/gNPU8O/AYfF2y4OgsNKKDIaia3XyrM3R4T0E0sEvMb6uQFKfeeqRRyePO\n/blSEM8kE6qX5iZfhV4z2hWMwStyLWd7pG4c2epIOdiH+dFjk80aNwwhz+o+oT2n\nZVVYjJCwEgdyGOdIwsHRi/WoGuxl4f4WeiGmmhqLD9AdlRoiuOvYFhlXhZqZmt1q\niehdpNZtplYqGtoyhUpcASe94nQQqa6ROQVC/HkfSwYzciSBYaHdoLjv4HS2bBIh\nxO/nLkvSTzoMbm62m9lURyUAPokcEOhDIORd04ODlJQ41p7VXn4XRfd30jvAu7rH\nFMdgeKJVmY/ewbqPPaDq4BUCAwEAAQ==\n-----END PUBLIC KEY-----\n",
            "rsa_bits": 4096
          },
          "sensitive_attributes": [
            [
              {
                "type": "get_attr",
                "value": "private_key_openssh"
              }
            ],
            [
              {
                "type": "get_attr",
                "value": "private_key_pem"
              }
            ],
            [
              {
                "type": "get_attr",
                "value": "private_key_pem_pkcs8"
              }
            ]
          ]
        }
      ]
    }
  ],
  "check_results": null
}
